
Microsoft Visual Studio Solution File, Format Version 12.00
# Visual Studio Version 17
VisualStudioVersion = 17.5.002.0
MinimumVisualStudioVersion = 10.0.40219.1
Project("{9A19103F-16F7-4668-BE54-9A1E7A4F7556}") = "DemoBlazor", "DemoBlazor.csproj", "{3C493AA0-D8B6-4106-8AB6-6A6BEF4E5280}"
EndProject
Global
	GlobalSection(SolutionConfigurationPlatforms) = preSolution
		Debug|Any CPU = Debug|Any CPU
		Release|Any CPU = Release|Any CPU
	EndGlobalSection
	GlobalSection(ProjectConfigurationPlatforms) = postSolution
		{3C493AA0-D8B6-4106-8AB6-6A6BEF4E5280}.Debug|Any CPU.ActiveCfg = Debug|Any CPU
		{3C493AA0-D8B6-4106-8AB6-6A6BEF4E5280}.Debug|Any CPU.Build.0 = Debug|Any CPU
		{3C493AA0-D8B6-4106-8AB6-6A6BEF4E5280}.Release|Any CPU.ActiveCfg = Release|Any CPU
		{3C493AA0-D8B6-4106-8AB6-6A6BEF4E5280}.Release|Any CPU.Build.0 = Release|Any CPU
	EndGlobalSection
	GlobalSection(SolutionProperties) = preSolution
		HideSolutionNode = FALSE
	EndGlobalSection
	GlobalSection(ExtensibilityGlobals) = postSolution
		SolutionGuid = {95A655F5-AE92-458A-B974-3875E94724C0}
	EndGlobalSection
EndGlobal
